
Microsoft Visual Studio Solution File, Format Version 12.00
Project("{FAE04EC0-301F-11D3-BF4B-00C04F79EFBC}") = "Eleven95.TruckBites.Data", "Eleven95.TruckBites.Data\Eleven95.TruckBites.Data.csproj", "{2CE75AC7-08E6-4A38-86D9-A1B071B5550E}"
EndProject
Project("{2150E333-8FDC-42A3-9474-1A3956D46DE8}") = "Solution Items", "Solution Items", "{5155918D-BF8C-4344-8ECC-D6D803679FA3}"
	ProjectSection(SolutionItems) = preProject
		compose.yaml = compose.yaml
	EndProjectSection
EndProject
Project("{FAE04EC0-301F-11D3-BF4B-00C04F79EFBC}") = "Eleven95.TruckBites.EF", "Eleven95.TruckBites.EF\Eleven95.TruckBites.EF.csproj", "{E257E0E0-91E1-4948-B788-226D08799234}"
EndProject
Project("{FAE04EC0-301F-11D3-BF4B-00C04F79EFBC}") = "Eleven95.TruckBites.WebApp", "Eleven95.TruckBites.WebApp\Eleven95.TruckBites.WebApp\Eleven95.TruckBites.WebApp.csproj", "{CEC0D7E0-8DBE-4986-8CC0-4DEEA93D05ED}"
EndProject
Project("{FAE04EC0-301F-11D3-BF4B-00C04F79EFBC}") = "Eleven95.TruckBites.WebApp.Client", "Eleven95.TruckBites.WebApp\Eleven95.TruckBites.WebApp.Client\Eleven95.TruckBites.WebApp.Client.csproj", "{3A7B8DF0-BA54-49A4-B7ED-27146CB59778}"
EndProject
Project("{FAE04EC0-301F-11D3-BF4B-00C04F79EFBC}") = "Eleven95.TruckBites.Services", "Eleven95.TruckBites.Services\Eleven95.TruckBites.Services.csproj", "{8BBB1181-FACF-4ECE-A2C1-50C25FB56A9A}"
EndProject
Project("{FAE04EC0-301F-11D3-BF4B-00C04F79EFBC}") = "Eleven95.TruckBites.WebApi", "Eleven95.TruckBites.WebApi\Eleven95.TruckBites.WebApi.csproj", "{DAA31952-B706-41D8-B9E3-85A3468141D1}"
EndProject
Project("{FAE04EC0-301F-11D3-BF4B-00C04F79EFBC}") = "Eleven95.TruckBites.Vendor.WebApp", "Eleven95.TruckBites.Vendor.WebApp\Eleven95.TruckBites.Vendor.WebApp\Eleven95.TruckBites.Vendor.WebApp.csproj", "{47710B03-B43D-490B-B1B4-45C87C980ECD}"
EndProject
Project("{FAE04EC0-301F-11D3-BF4B-00C04F79EFBC}") = "Eleven95.TruckBites.Vendor.WebApp.Client", "Eleven95.TruckBites.Vendor.WebApp\Eleven95.TruckBites.Vendor.WebApp.Client\Eleven95.TruckBites.Vendor.WebApp.Client.csproj", "{D69EFA90-29E1-481D-8286-B209481BA5E1}"
EndProject
Project("{FAE04EC0-301F-11D3-BF4B-00C04F79EFBC}") = "Eleven95.TruckBites.Vendor.WebApi", "Eleven95.TruckBites.Vendor.WebApi\Eleven95.TruckBites.Vendor.WebApi.csproj", "{6116977C-EF14-4B65-A910-9F1F339CFEBF}"
EndProject
Project("{FAE04EC0-301F-11D3-BF4B-00C04F79EFBC}") = "Eleven95.TruckBites.Client.Shared", "Eleven95.TruckBites.Client.Shared\Eleven95.TruckBites.Client.Shared.csproj", "{6C8F45AC-8F7C-45D7-924F-2485A65B3532}"
EndProject
Project("{FAE04EC0-301F-11D3-BF4B-00C04F79EFBC}") = "Eleven95.TruckBites.Server.Shared", "Eleven95.TruckBites.Server.Shared\Eleven95.TruckBites.Server.Shared.csproj", "{FB5DCF66-5C8F-4642-B223-853966E2E5AF}"
EndProject
Global
	GlobalSection(SolutionConfigurationPlatforms) = preSolution
		Debug|Any CPU = Debug|Any CPU
		Release|Any CPU = Release|Any CPU
	EndGlobalSection
	GlobalSection(ProjectConfigurationPlatforms) = postSolution
		{2CE75AC7-08E6-4A38-86D9-A1B071B5550E}.Debug|Any CPU.ActiveCfg = Debug|Any CPU
		{2CE75AC7-08E6-4A38-86D9-A1B071B5550E}.Debug|Any CPU.Build.0 = Debug|Any CPU
		{2CE75AC7-08E6-4A38-86D9-A1B071B5550E}.Release|Any CPU.ActiveCfg = Release|Any CPU
		{2CE75AC7-08E6-4A38-86D9-A1B071B5550E}.Release|Any CPU.Build.0 = Release|Any CPU
		{E257E0E0-91E1-4948-B788-226D08799234}.Debug|Any CPU.ActiveCfg = Debug|Any CPU
		{E257E0E0-91E1-4948-B788-226D08799234}.Debug|Any CPU.Build.0 = Debug|Any CPU
		{E257E0E0-91E1-4948-B788-226D08799234}.Release|Any CPU.ActiveCfg = Release|Any CPU
		{E257E0E0-91E1-4948-B788-226D08799234}.Release|Any CPU.Build.0 = Release|Any CPU
		{CEC0D7E0-8DBE-4986-8CC0-4DEEA93D05ED}.Debug|Any CPU.ActiveCfg = Debug|Any CPU
		{CEC0D7E0-8DBE-4986-8CC0-4DEEA93D05ED}.Debug|Any CPU.Build.0 = Debug|Any CPU
		{CEC0D7E0-8DBE-4986-8CC0-4DEEA93D05ED}.Release|Any CPU.ActiveCfg = Release|Any CPU
		{CEC0D7E0-8DBE-4986-8CC0-4DEEA93D05ED}.Release|Any CPU.Build.0 = Release|Any CPU
		{3A7B8DF0-BA54-49A4-B7ED-27146CB59778}.Debug|Any CPU.ActiveCfg = Debug|Any CPU
		{3A7B8DF0-BA54-49A4-B7ED-27146CB59778}.Debug|Any CPU.Build.0 = Debug|Any CPU
		{3A7B8DF0-BA54-49A4-B7ED-27146CB59778}.Release|Any CPU.ActiveCfg = Release|Any CPU
		{3A7B8DF0-BA54-49A4-B7ED-27146CB59778}.Release|Any CPU.Build.0 = Release|Any CPU
		{8BBB1181-FACF-4ECE-A2C1-50C25FB56A9A}.Debug|Any CPU.ActiveCfg = Debug|Any CPU
		{8BBB1181-FACF-4ECE-A2C1-50C25FB56A9A}.Debug|Any CPU.Build.0 = Debug|Any CPU
		{8BBB1181-FACF-4ECE-A2C1-50C25FB56A9A}.Release|Any CPU.ActiveCfg = Release|Any CPU
		{8BBB1181-FACF-4ECE-A2C1-50C25FB56A9A}.Release|Any CPU.Build.0 = Release|Any CPU
		{DAA31952-B706-41D8-B9E3-85A3468141D1}.Debug|Any CPU.ActiveCfg = Debug|Any CPU
		{DAA31952-B706-41D8-B9E3-85A3468141D1}.Debug|Any CPU.Build.0 = Debug|Any CPU
		{DAA31952-B706-41D8-B9E3-85A3468141D1}.Release|Any CPU.ActiveCfg = Release|Any CPU
		{DAA31952-B706-41D8-B9E3-85A3468141D1}.Release|Any CPU.Build.0 = Release|Any CPU
		{47710B03-B43D-490B-B1B4-45C87C980ECD}.Debug|Any CPU.ActiveCfg = Debug|Any CPU
		{47710B03-B43D-490B-B1B4-45C87C980ECD}.Debug|Any CPU.Build.0 = Debug|Any CPU
		{47710B03-B43D-490B-B1B4-45C87C980ECD}.Release|Any CPU.ActiveCfg = Release|Any CPU
		{47710B03-B43D-490B-B1B4-45C87C980ECD}.Release|Any CPU.Build.0 = Release|Any CPU
		{D69EFA90-29E1-481D-8286-B209481BA5E1}.Debug|Any CPU.ActiveCfg = Debug|Any CPU
		{D69EFA90-29E1-481D-8286-B209481BA5E1}.Debug|Any CPU.Build.0 = Debug|Any CPU
		{D69EFA90-29E1-481D-8286-B209481BA5E1}.Release|Any CPU.ActiveCfg = Release|Any CPU
		{D69EFA90-29E1-481D-8286-B209481BA5E1}.Release|Any CPU.Build.0 = Release|Any CPU
		{6116977C-EF14-4B65-A910-9F1F339CFEBF}.Debug|Any CPU.ActiveCfg = Debug|Any CPU
		{6116977C-EF14-4B65-A910-9F1F339CFEBF}.Debug|Any CPU.Build.0 = Debug|Any CPU
		{6116977C-EF14-4B65-A910-9F1F339CFEBF}.Release|Any CPU.ActiveCfg = Release|Any CPU
		{6116977C-EF14-4B65-A910-9F1F339CFEBF}.Release|Any CPU.Build.0 = Release|Any CPU
		{6C8F45AC-8F7C-45D7-924F-2485A65B3532}.Debug|Any CPU.ActiveCfg = Debug|Any CPU
		{6C8F45AC-8F7C-45D7-924F-2485A65B3532}.Debug|Any CPU.Build.0 = Debug|Any CPU
		{6C8F45AC-8F7C-45D7-924F-2485A65B3532}.Release|Any CPU.ActiveCfg = Release|Any CPU
		{6C8F45AC-8F7C-45D7-924F-2485A65B3532}.Release|Any CPU.Build.0 = Release|Any CPU
		{FB5DCF66-5C8F-4642-B223-853966E2E5AF}.Debug|Any CPU.ActiveCfg = Debug|Any CPU
		{FB5DCF66-5C8F-4642-B223-853966E2E5AF}.Debug|Any CPU.Build.0 = Debug|Any CPU
		{FB5DCF66-5C8F-4642-B223-853966E2E5AF}.Release|Any CPU.ActiveCfg = Release|Any CPU
		{FB5DCF66-5C8F-4642-B223-853966E2E5AF}.Release|Any CPU.Build.0 = Release|Any CPU
	EndGlobalSection
EndGlobal
